// !$*UTF8*$!
{
	archiveVersion = 1;
	classes = {
	};
	objectVersion = 46;
	objects = {

/* Begin PBXBuildFile section */
		750FD9741BEC875F00BCFC4F /* LcStringFromStruct.m in Sources */ = {isa = PBXBuildFile; fileRef = 750FD9731BEC875F00BCFC4F /* LcStringFromStruct.m */; };
		7550646A1BE998B20045DAEB /* main.m in Sources */ = {isa = PBXBuildFile; fileRef = 755064691BE998B20045DAEB /* main.m */; };
		7550646D1BE998B20045DAEB /* AppDelegate.m in Sources */ = {isa = PBXBuildFile; fileRef = 7550646C1BE998B20045DAEB /* AppDelegate.m */; };
		755064701BE998B20045DAEB /* ViewController.m in Sources */ = {isa = PBXBuildFile; fileRef = 7550646F1BE998B20045DAEB /* ViewController.m */; };
		755064731BE998B20045DAEB /* Main.storyboard in Resources */ = {isa = PBXBuildFile; fileRef = 755064711BE998B20045DAEB /* Main.storyboard */; };
		755064751BE998B20045DAEB /* Assets.xcassets in Resources */ = {isa = PBXBuildFile; fileRef = 755064741BE998B20045DAEB /* Assets.xcassets */; };
		755064781BE998B20045DAEB /* LaunchScreen.storyboard in Resources */ = {isa = PBXBuildFile; fileRef = 755064761BE998B20045DAEB /* LaunchScreen.storyboard */; };
		755064851BE9F5F80045DAEB /* Model.m in Sources */ = {isa = PBXBuildFile; fileRef = 755064841BE9F5F80045DAEB /* Model.m */; };
		757544681BEC9854002ABDF8 /* LcPrintObj.m in Sources */ = {isa = PBXBuildFile; fileRef = 757544671BEC9854002ABDF8 /* LcPrintObj.m */; };
		7575446A1BEC98C8002ABDF8 /* LcPrintVar.m in Sources */ = {isa = PBXBuildFile; fileRef = 757544691BEC98C8002ABDF8 /* LcPrintVar.m */; };
/* End PBXBuildFile section */

/* Begin PBXFileReference section */
		750FD96F1BEC875F00BCFC4F /* LcPrint.h */ = {isa = PBXFileReference; fileEncoding = 4; lastKnownFileType = sourcecode.c.h; path = LcPrint.h; sourceTree = "<group>"; };
		750FD9701BEC875F00BCFC4F /* LcPrintObj.h */ = {isa = PBXFileReference; fileEncoding = 4; lastKnownFileType = sourcecode.c.h; path = LcPrintObj.h; sourceTree = "<group>"; };
		750FD9711BEC875F00BCFC4F /* LcPrintVar.h */ = {isa = PBXFileReference; fileEncoding = 4; lastKnownFileType = sourcecode.c.h; path = LcPrintVar.h; sourceTree = "<group>"; };
		750FD9721BEC875F00BCFC4F /* LcStringFromStruct.h */ = {isa = PBXFileReference; fileEncoding = 4; lastKnownFileType = sourcecode.c.h; path = LcStringFromStruct.h; sourceTree = "<group>"; };
		750FD9731BEC875F00BCFC4F /* LcStringFromStruct.m */ = {isa = PBXFileReference; fileEncoding = 4; lastKnownFileType = sourcecode.c.objc; path = LcStringFromStruct.m; sourceTree = "<group>"; };
		755064651BE998B20045DAEB /* PrintValueSample.app */ = {isa = PBXFileReference; explicitFileType = wrapper.application; includeInIndex = 0; path = PrintValueSample.app; sourceTree = BUILT_PRODUCTS_DIR; };
		755064691BE998B20045DAEB /* main.m */ = {isa = PBXFileReference; lastKnownFileType = sourcecode.c.objc; path = main.m; sourceTree = "<group>"; };
		7550646B1BE998B20045DAEB /* AppDelegate.h */ = {isa = PBXFileReference; lastKnownFileType = sourcecode.c.h; path = AppDelegate.h; sourceTree = "<group>"; };
		7550646C1BE998B20045DAEB /* AppDelegate.m */ = {isa = PBXFileReference; lastKnownFileType = sourcecode.c.objc; path = AppDelegate.m; sourceTree = "<group>"; };
		7550646E1BE998B20045DAEB /* ViewController.h */ = {isa = PBXFileReference; lastKnownFileType = sourcecode.c.h; path = ViewController.h; sourceTree = "<group>"; };
		7550646F1BE998B20045DAEB /* ViewController.m */ = {isa = PBXFileReference; lastKnownFileType = sourcecode.c.objc; path = ViewController.m; sourceTree = "<group>"; };
		755064721BE998B20045DAEB /* Base */ = {isa = PBXFileReference; lastKnownFileType = file.storyboard; name = Base; path = Base.lproj/Main.storyboard; sourceTree = "<group>"; };
		755064741BE998B20045DAEB /* Assets.xcassets */ = {isa = PBXFileReference; lastKnownFileType = folder.assetcatalog; path = Assets.xcassets; sourceTree = "<group>"; };
		755064771BE998B20045DAEB /* Base */ = {isa = PBXFileReference; lastKnownFileType = file.storyboard; name = Base; path = Base.lproj/LaunchScreen.storyboard; sourceTree = "<group>"; };
		755064791BE998B20045DAEB /* Info.plist */ = {isa = PBXFileReference; lastKnownFileType = text.plist.xml; path = Info.plist; sourceTree = "<group>"; };
		755064831BE9F5F80045DAEB /* Model.h */ = {isa = PBXFileReference; fileEncoding = 4; lastKnownFileType = sourcecode.c.h; path = Model.h; sourceTree = "<group>"; };
		755064841BE9F5F80045DAEB /* Model.m */ = {isa = PBXFileReference; fileEncoding = 4; lastKnownFileType = sourcecode.c.objc; path = Model.m; sourceTree = "<group>"; };
		757544671BEC9854002ABDF8 /* LcPrintObj.m */ = {isa = PBXFileReference; fileEncoding = 4; lastKnownFileType = sourcecode.c.objc; path = LcPrintObj.m; sourceTree = "<group>"; };
		757544691BEC98C8002ABDF8 /* LcPrintVar.m */ = {isa = PBXFileReference; fileEncoding = 4; lastKnownFileType = sourcecode.c.objc; path = LcPrintVar.m; sourceTree = "<group>"; };
/* End PBXFileReference section */

/* Begin PBXFrameworksBuildPhase section */
		755064621BE998B20045DAEB /* Frameworks */ = {
			isa = PBXFrameworksBuildPhase;
			buildActionMask = 2147483647;
			files = (
			);
			runOnlyForDeploymentPostprocessing = 0;
		};
/* End PBXFrameworksBuildPhase section */

/* Begin PBXGroup section */
		750FD96E1BEC875F00BCFC4F /* LcPrint */ = {
			isa = PBXGroup;
			children = (
				750FD96F1BEC875F00BCFC4F /* LcPrint.h */,
				750FD9701BEC875F00BCFC4F /* LcPrintObj.h */,
				757544671BEC9854002ABDF8 /* LcPrintObj.m */,
				750FD9711BEC875F00BCFC4F /* LcPrintVar.h */,
				757544691BEC98C8002ABDF8 /* LcPrintVar.m */,
				750FD9721BEC875F00BCFC4F /* LcStringFromStruct.h */,
				750FD9731BEC875F00BCFC4F /* LcStringFromStruct.m */,
			);
			name = LcPrint;
			path = ../LcPrint;
			sourceTree = "<group>";
		};
		7550645C1BE998B20045DAEB = {
			isa = PBXGroup;
			children = (
				750FD96E1BEC875F00BCFC4F /* LcPrint */,
				755064671BE998B20045DAEB /* PrintValueSample */,
				755064661BE998B20045DAEB /* Products */,
			);
			sourceTree = "<group>";
		};
		755064661BE998B20045DAEB /* Products */ = {
			isa = PBXGroup;
			children = (
				755064651BE998B20045DAEB /* PrintValueSample.app */,
			);
			name = Products;
			sourceTree = "<group>";
		};
		755064671BE998B20045DAEB /* PrintValueSample */ = {
			isa = PBXGroup;
			children = (
				7550646B1BE998B20045DAEB /* AppDelegate.h */,
				7550646C1BE998B20045DAEB /* AppDelegate.m */,
				755064831BE9F5F80045DAEB /* Model.h */,
				755064841BE9F5F80045DAEB /* Model.m */,
				7550646E1BE998B20045DAEB /* ViewController.h */,
				7550646F1BE998B20045DAEB /* ViewController.m */,
				755064711BE998B20045DAEB /* Main.storyboard */,
				755064741BE998B20045DAEB /* Assets.xcassets */,
				755064761BE998B20045DAEB /* LaunchScreen.storyboard */,
				755064791BE998B20045DAEB /* Info.plist */,
				755064681BE998B20045DAEB /* Supporting Files */,
			);
			path = PrintValueSample;
			sourceTree = "<group>";
		};
		755064681BE998B20045DAEB /* Supporting Files */ = {
			isa = PBXGroup;
			children = (
				755064691BE998B20045DAEB /* main.m */,
			);
			name = "Supporting Files";
			sourceTree = "<group>";
		};
/* End PBXGroup section */

/* Begin PBXNativeTarget section */
		755064641BE998B20045DAEB /* PrintValueSample */ = {
			isa = PBXNativeTarget;
			buildConfigurationList = 7550647C1BE998B20045DAEB /* Build configuration list for PBXNativeTarget "PrintValueSample" */;
			buildPhases = (
				755064611BE998B20045DAEB /* Sources */,
				755064621BE998B20045DAEB /* Frameworks */,
				755064631BE998B20045DAEB /* Resources */,
			);
			buildRules = (
			);
			dependencies = (
			);
			name = PrintValueSample;
			productName = PrintValueSample;
			productReference = 755064651BE998B20045DAEB /* PrintValueSample.app */;
			productType = "com.apple.product-type.application";
		};
/* End PBXNativeTarget section */

/* Begin PBXProject section */
		7550645D1BE998B20045DAEB /* Project object */ = {
			isa = PBXProject;
			attributes = {
				LastUpgradeCheck = 0710;
				ORGANIZATIONNAME = jiangliancheng;
				TargetAttributes = {
					755064641BE998B20045DAEB = {
						CreatedOnToolsVersion = 7.1;
					};
				};
			};
			buildConfigurationList = 755064601BE998B20045DAEB /* Build configuration list for PBXProject "PrintValueSample" */;
			compatibilityVersion = "Xcode 3.2";
			developmentRegion = English;
			hasScannedForEncodings = 0;
			knownRegions = (
				en,
				Base,
			);
			mainGroup = 7550645C1BE998B20045DAEB;
			productRefGroup = 755064661BE998B20045DAEB /* Products */;
			projectDirPath = "";
			projectRoot = "";
			targets = (
				755064641BE998B20045DAEB /* PrintValueSample */,
			);
		};
/* End PBXProject section */

/* Begin PBXResourcesBuildPhase section */
		755064631BE998B20045DAEB /* Resources */ = {
			isa = PBXResourcesBuildPhase;
			buildActionMask = 2147483647;
			files = (
				755064781BE998B20045DAEB /* LaunchScreen.storyboard in Resources */,
				755064751BE998B20045DAEB /* Assets.xcassets in Resources */,
				755064731BE998B20045DAEB /* Main.storyboard in Resources */,
			);
			runOnlyForDeploymentPostprocessing = 0;
		};
/* End PBXResourcesBuildPhase section */

/* Begin PBXSourcesBuildPhase section */
		755064611BE998B20045DAEB /* Sources */ = {
			isa = PBXSourcesBuildPhase;
			buildActionMask = 2147483647;
			files = (
				757544681BEC9854002ABDF8 /* LcPrintObj.m in Sources */,
				7575446A1BEC98C8002ABDF8 /* LcPrintVar.m in Sources */,
				755064701BE998B20045DAEB /* ViewController.m in Sources */,
				7550646D1BE998B20045DAEB /* AppDelegate.m in Sources */,
				7550646A1BE998B20045DAEB /* main.m in Sources */,
				750FD9741BEC875F00BCFC4F /* LcStringFromStruct.m in Sources */,
				755064851BE9F5F80045DAEB /* Model.m in Sources */,
			);
			runOnlyForDeploymentPostprocessing = 0;
		};
/* End PBXSourcesBuildPhase section */

/* Begin PBXVariantGroup section */
		755064711BE998B20045DAEB /* Main.storyboard */ = {
			isa = PBXVariantGroup;
			children = (
				755064721BE998B20045DAEB /* Base */,
			);
			name = Main.storyboard;
			sourceTree = "<group>";
		};
		755064761BE998B20045DAEB /* LaunchScreen.storyboard */ = {
			isa = PBXVariantGroup;
			children = (
				755064771BE998B20045DAEB /* Base */,
			);
			name = LaunchScreen.storyboard;
			sourceTree = "<group>";
		};
/* End PBXVariantGroup section */

/* Begin XCBuildConfiguration section */
		7550647A1BE998B20045DAEB /* Debug */ = {
			isa = XCBuildConfiguration;
			buildSettings = {
				ALWAYS_SEARCH_USER_PATHS = NO;
				CLANG_CXX_LANGUAGE_STANDARD = "gnu++0x";
				CLANG_CXX_LIBRARY = "libc++";
				CLANG_ENABLE_MODULES = YES;
				CLANG_ENABLE_OBJC_ARC = YES;
				CLANG_WARN_BOOL_CONVERSION = YES;
				CLANG_WARN_CONSTANT_CONVERSION = YES;
				CLANG_WARN_DIRECT_OBJC_ISA_USAGE = YES_ERROR;
				CLANG_WARN_EMPTY_BODY = YES;
				CLANG_WARN_ENUM_CONVERSION = YES;
				CLANG_WARN_INT_CONVERSION = YES;
				CLANG_WARN_OBJC_ROOT_CLASS = YES_ERROR;
				CLANG_WARN_UNREACHABLE_CODE = YES;
				CLANG_WARN__DUPLICATE_METHOD_MATCH = YES;
				"CODE_SIGN_IDENTITY[sdk=iphoneos*]" = "iPhone Developer";
				COPY_PHASE_STRIP = NO;
				DEBUG_INFORMATION_FORMAT = dwarf;
				ENABLE_STRICT_OBJC_MSGSEND = YES;
				ENABLE_TESTABILITY = YES;
				GCC_C_LANGUAGE_STANDARD = gnu99;
				GCC_DYNAMIC_NO_PIC = NO;
				GCC_NO_COMMON_BLOCKS = YES;
				GCC_OPTIMIZATION_LEVEL = 0;
				GCC_PREPROCESSOR_DEFINITIONS = (
					"DEBUG=1",
					"$(inherited)",
				);
				GCC_WARN_64_TO_32_BIT_CONVERSION = YES;
				GCC_WARN_ABOUT_RETURN_TYPE = YES_ERROR;
				GCC_WARN_UNDECLARED_SELECTOR = YES;
				GCC_WARN_UNINITIALIZED_AUTOS = YES_AGGRESSIVE;
				GCC_WARN_UNUSED_FUNCTION = YES;
				GCC_WARN_UNUSED_VARIABLE = YES;
				IPHONEOS_DEPLOYMENT_TARGET = 9.1;
				MTL_ENABLE_DEBUG_INFO = YES;
				ONLY_ACTIVE_ARCH = YES;
				SDKROOT = iphoneos;
			};
			name = Debug;
		};
		7550647B1BE998B20045DAEB /* Release */ = {
			isa = XCBuildConfiguration;
			buildSettings = {
				ALWAYS_SEARCH_USER_PATHS = NO;
				CLANG_CXX_LANGUAGE_STANDARD = "gnu++0x";
				CLANG_CXX_LIBRARY = "libc++";
				CLANG_ENABLE_MODULES = YES;
				CLANG_ENABLE_OBJC_ARC = YES;
				CLANG_WARN_BOOL_CONVERSION = YES;
				CLANG_WARN_CONSTANT_CONVERSION = YES;
				CLANG_WARN_DIRECT_OBJC_ISA_USAGE = YES_ERROR;
				CLANG_WARN_EMPTY_BODY = YES;
				CLANG_WARN_ENUM_CONVERSION = YES;
				CLANG_WARN_INT_CONVERSION = YES;
				CLANG_WARN_OBJC_ROOT_CLASS = YES_ERROR;
				CLANG_WARN_UNREACHABLE_CODE = YES;
				CLANG_WARN__DUPLICATE_METHOD_MATCH = YES;
				"CODE_SIGN_IDENTITY[sdk=iphoneos*]" = "iPhone Developer";
				COPY_PHASE_STRIP = NO;
				DEBUG_INFORMATION_FORMAT = "dwarf-with-dsym";
				ENABLE_NS_ASSERTIONS = NO;
				ENABLE_STRICT_OBJC_MSGSEND = YES;
				GCC_C_LANGUAGE_STANDARD = gnu99;
				GCC_NO_COMMON_BLOCKS = YES;
				GCC_WARN_64_TO_32_BIT_CONVERSION = YES;
				GCC_WARN_ABOUT_RETURN_TYPE = YES_ERROR;
				GCC_WARN_UNDECLARED_SELECTOR = YES;
				GCC_WARN_UNINITIALIZED_AUTOS = YES_AGGRESSIVE;
				GCC_WARN_UNUSED_FUNCTION = YES;
				GCC_WARN_UNUSED_VARIABLE = YES;
				IPHONEOS_DEPLOYMENT_TARGET = 9.1;
				MTL_ENABLE_DEBUG_INFO = NO;
				SDKROOT = iphoneos;
				VALIDATE_PRODUCT = YES;
			};
			name = Release;
		};
		7550647D1BE998B20045DAEB /* Debug */ = {
			isa = XCBuildConfiguration;
			buildSettings = {
				ASSETCATALOG_COMPILER_APPICON_NAME = AppIcon;
				CLANG_ENABLE_MODULES = YES;
				INFOPLIST_FILE = PrintValueSample/Info.plist;
				LD_RUNPATH_SEARCH_PATHS = "$(inherited) @executable_path/Frameworks";
				PRODUCT_BUNDLE_IDENTIFIER = com.liancheng.PrintValueSample;
				PRODUCT_NAME = "$(TARGET_NAME)";
				SWIFT_OBJC_BRIDGING_HEADER = "../printValue/PrintValueSample-Bridging-Header.h";
				SWIFT_OPTIMIZATION_LEVEL = "-Onone";
			};
			name = Debug;
		};
		7550647E1BE998B20045DAEB /* Release */ = {
			isa = XCBuildConfiguration;
			buildSettings = {
				ASSETCATALOG_COMPILER_APPICON_NAME = AppIcon;
				CLANG_ENABLE_MODULES = YES;
				INFOPLIST_FILE = PrintValueSample/Info.plist;
				LD_RUNPATH_SEARCH_PATHS = "$(inherited) @executable_path/Frameworks";
				PRODUCT_BUNDLE_IDENTIFIER = com.liancheng.PrintValueSample;
				PRODUCT_NAME = "$(TARGET_NAME)";
				SWIFT_OBJC_BRIDGING_HEADER = "../printValue/PrintValueSample-Bridging-Header.h";
			};
			name = Release;
		};
/* End XCBuildConfiguration section */

/* Begin XCConfigurationList section */
		755064601BE998B20045DAEB /* Build configuration list for PBXProject "PrintValueSample" */ = {
			isa = XCConfigurationList;
			buildConfigurations = (
				7550647A1BE998B20045DAEB /* Debug */,
				7550647B1BE998B20045DAEB /* Release */,
			);
			defaultConfigurationIsVisible = 0;
			defaultConfigurationName = Release;
		};
		7550647C1BE998B20045DAEB /* Build configuration list for PBXNativeTarget "PrintValueSample" */ = {
			isa = XCConfigurationList;
			buildConfigurations = (
				7550647D1BE998B20045DAEB /* Debug */,
				7550647E1BE998B20045DAEB /* Release */,
			);
			defaultConfigurationIsVisible = 0;
			defaultConfigurationName = Release;
		};
/* End XCConfigurationList section */
	};
	rootObject = 7550645D1BE998B20045DAEB /* Project object */;
}
